
Microsoft Visual Studio Solution File, Format Version 12.00
# Visual Studio Version 17
VisualStudioVersion = 17.0.31919.166
MinimumVisualStudioVersion = 10.0.40219.1
Project("{9A19103F-16F7-4668-BE54-9A1E7A4F7556}") = "Blog.API", "Blog\Blog.API.csproj", "{28EA8925-A4E4-452A-B402-573A2ACE43D0}"
EndProject
Project("{2150E333-8FDC-42A3-9474-1A3956D46DE8}") = "Web", "Web", "{F6F6212C-7A18-4A4F-822B-2C8DEABE94B5}"
EndProject
Project("{2150E333-8FDC-42A3-9474-1A3956D46DE8}") = "Core", "Core", "{66A4C6BB-C23C-4BE9-8EB0-7A0F4BFBD6DE}"
EndProject
Project("{2150E333-8FDC-42A3-9474-1A3956D46DE8}") = "Persistence", "Persistence", "{0722966F-D14F-419B-98E8-619C4F77748C}"
EndProject
Project("{9A19103F-16F7-4668-BE54-9A1E7A4F7556}") = "Blog.Contracts", "Blog.Contracts\Blog.Contracts.csproj", "{31FE3F27-6A0B-4C30-8068-0647940E6761}"
EndProject
Project("{9A19103F-16F7-4668-BE54-9A1E7A4F7556}") = "Blog.Core", "Blog.Core\Blog.Core.csproj", "{F12D4457-B18F-4361-A5D3-7C94B3B4A0A9}"
EndProject
Project("{9A19103F-16F7-4668-BE54-9A1E7A4F7556}") = "Blog.Infrastructure", "Blog.Infrastructure\Blog.Infrastructure.csproj", "{F3783218-237C-427F-BF6B-6A4AE188DAEA}"
EndProject
Project("{9A19103F-16F7-4668-BE54-9A1E7A4F7556}") = "Blog.Migrations", "Blog.Migrations\Blog.Migrations.csproj", "{9CA47645-D4D3-488D-95E0-9F9ABF39606E}"
EndProject
Project("{2150E333-8FDC-42A3-9474-1A3956D46DE8}") = "UnitTests", "UnitTests", "{F996A5CB-0E06-4936-B222-B956C30E4FE7}"
EndProject
Project("{9A19103F-16F7-4668-BE54-9A1E7A4F7556}") = "UnitTestProject", "UniTestProject\UnitTestProject.csproj", "{1F1D759B-F0A0-4802-8727-5417795F2644}"
EndProject
Global
	GlobalSection(SolutionConfigurationPlatforms) = preSolution
		Debug|Any CPU = Debug|Any CPU
		Release|Any CPU = Release|Any CPU
	EndGlobalSection
	GlobalSection(ProjectConfigurationPlatforms) = postSolution
		{28EA8925-A4E4-452A-B402-573A2ACE43D0}.Debug|Any CPU.ActiveCfg = Debug|Any CPU
		{28EA8925-A4E4-452A-B402-573A2ACE43D0}.Debug|Any CPU.Build.0 = Debug|Any CPU
		{28EA8925-A4E4-452A-B402-573A2ACE43D0}.Release|Any CPU.ActiveCfg = Release|Any CPU
		{28EA8925-A4E4-452A-B402-573A2ACE43D0}.Release|Any CPU.Build.0 = Release|Any CPU
		{31FE3F27-6A0B-4C30-8068-0647940E6761}.Debug|Any CPU.ActiveCfg = Debug|Any CPU
		{31FE3F27-6A0B-4C30-8068-0647940E6761}.Debug|Any CPU.Build.0 = Debug|Any CPU
		{31FE3F27-6A0B-4C30-8068-0647940E6761}.Release|Any CPU.ActiveCfg = Release|Any CPU
		{31FE3F27-6A0B-4C30-8068-0647940E6761}.Release|Any CPU.Build.0 = Release|Any CPU
		{F12D4457-B18F-4361-A5D3-7C94B3B4A0A9}.Debug|Any CPU.ActiveCfg = Debug|Any CPU
		{F12D4457-B18F-4361-A5D3-7C94B3B4A0A9}.Debug|Any CPU.Build.0 = Debug|Any CPU
		{F12D4457-B18F-4361-A5D3-7C94B3B4A0A9}.Release|Any CPU.ActiveCfg = Release|Any CPU
		{F12D4457-B18F-4361-A5D3-7C94B3B4A0A9}.Release|Any CPU.Build.0 = Release|Any CPU
		{F3783218-237C-427F-BF6B-6A4AE188DAEA}.Debug|Any CPU.ActiveCfg = Debug|Any CPU
		{F3783218-237C-427F-BF6B-6A4AE188DAEA}.Debug|Any CPU.Build.0 = Debug|Any CPU
		{F3783218-237C-427F-BF6B-6A4AE188DAEA}.Release|Any CPU.ActiveCfg = Release|Any CPU
		{F3783218-237C-427F-BF6B-6A4AE188DAEA}.Release|Any CPU.Build.0 = Release|Any CPU
		{9CA47645-D4D3-488D-95E0-9F9ABF39606E}.Debug|Any CPU.ActiveCfg = Debug|Any CPU
		{9CA47645-D4D3-488D-95E0-9F9ABF39606E}.Debug|Any CPU.Build.0 = Debug|Any CPU
		{9CA47645-D4D3-488D-95E0-9F9ABF39606E}.Release|Any CPU.ActiveCfg = Release|Any CPU
		{9CA47645-D4D3-488D-95E0-9F9ABF39606E}.Release|Any CPU.Build.0 = Release|Any CPU
		{1F1D759B-F0A0-4802-8727-5417795F2644}.Debug|Any CPU.ActiveCfg = Debug|Any CPU
		{1F1D759B-F0A0-4802-8727-5417795F2644}.Debug|Any CPU.Build.0 = Debug|Any CPU
		{1F1D759B-F0A0-4802-8727-5417795F2644}.Release|Any CPU.ActiveCfg = Release|Any CPU
		{1F1D759B-F0A0-4802-8727-5417795F2644}.Release|Any CPU.Build.0 = Release|Any CPU
	EndGlobalSection
	GlobalSection(SolutionProperties) = preSolution
		HideSolutionNode = FALSE
	EndGlobalSection
	GlobalSection(NestedProjects) = preSolution
		{28EA8925-A4E4-452A-B402-573A2ACE43D0} = {F6F6212C-7A18-4A4F-822B-2C8DEABE94B5}
		{31FE3F27-6A0B-4C30-8068-0647940E6761} = {66A4C6BB-C23C-4BE9-8EB0-7A0F4BFBD6DE}
		{F12D4457-B18F-4361-A5D3-7C94B3B4A0A9} = {66A4C6BB-C23C-4BE9-8EB0-7A0F4BFBD6DE}
		{F3783218-237C-427F-BF6B-6A4AE188DAEA} = {0722966F-D14F-419B-98E8-619C4F77748C}
		{9CA47645-D4D3-488D-95E0-9F9ABF39606E} = {0722966F-D14F-419B-98E8-619C4F77748C}
		{1F1D759B-F0A0-4802-8727-5417795F2644} = {F996A5CB-0E06-4936-B222-B956C30E4FE7}
	EndGlobalSection
	GlobalSection(ExtensibilityGlobals) = postSolution
		SolutionGuid = {DD30D898-E6FA-47AF-BEA5-ACC402B5E03C}
	EndGlobalSection
EndGlobal
